
Microsoft Visual Studio Solution File, Format Version 12.00
# Visual Studio Version 17
VisualStudioVersion = 17.1.32319.34
MinimumVisualStudioVersion = 10.0.40219.1
Project("{FAE04EC0-301F-11D3-BF4B-00C04F79EFBC}") = "Threads - Thread pools exercise", "Threads - Thread pools exercise\Threads - Thread pools exercise.csproj", "{92057832-A54F-4D89-AA41-C8867F3DC85F}"
EndProject
Global
	GlobalSection(SolutionConfigurationPlatforms) = preSolution
		Debug|Any CPU = Debug|Any CPU
		Release|Any CPU = Release|Any CPU
	EndGlobalSection
	GlobalSection(ProjectConfigurationPlatforms) = postSolution
		{92057832-A54F-4D89-AA41-C8867F3DC85F}.Debug|Any CPU.ActiveCfg = Debug|Any CPU
		{92057832-A54F-4D89-AA41-C8867F3DC85F}.Debug|Any CPU.Build.0 = Debug|Any CPU
		{92057832-A54F-4D89-AA41-C8867F3DC85F}.Release|Any CPU.ActiveCfg = Release|Any CPU
		{92057832-A54F-4D89-AA41-C8867F3DC85F}.Release|Any CPU.Build.0 = Release|Any CPU
	EndGlobalSection
	GlobalSection(SolutionProperties) = preSolution
		HideSolutionNode = FALSE
	EndGlobalSection
	GlobalSection(ExtensibilityGlobals) = postSolution
		SolutionGuid = {22C8C6C9-426C-4019-9ED8-D1F3D95B15EF}
	EndGlobalSection
EndGlobal
